
Microsoft Visual Studio Solution File, Format Version 12.00
Project("{FAE04EC0-301F-11D3-BF4B-00C04F79EFBC}") = "PokerGameTest", "PokerGameTest\PokerGameTest.csproj", "{50D70F0D-9286-4871-AF45-8E8020714AFD}"
EndProject
Global
	GlobalSection(SolutionConfigurationPlatforms) = preSolution
		Debug|Any CPU = Debug|Any CPU
		Release|Any CPU = Release|Any CPU
	EndGlobalSection
	GlobalSection(ProjectConfigurationPlatforms) = postSolution
		{50D70F0D-9286-4871-AF45-8E8020714AFD}.Debug|Any CPU.ActiveCfg = Debug|Any CPU
		{50D70F0D-9286-4871-AF45-8E8020714AFD}.Debug|Any CPU.Build.0 = Debug|Any CPU
		{50D70F0D-9286-4871-AF45-8E8020714AFD}.Release|Any CPU.ActiveCfg = Release|Any CPU
		{50D70F0D-9286-4871-AF45-8E8020714AFD}.Release|Any CPU.Build.0 = Release|Any CPU
	EndGlobalSection
EndGlobal
